// !$*UTF8*$!
{
	archiveVersion = 1;
	classes = {
	};
	objectVersion = 46;
	objects = {

/* Begin PBXBuildFile section */
		1864BFB41E676DFB008B6493 /* main.m in Sources */ = {isa = PBXBuildFile; fileRef = 1864BFB31E676DFB008B6493 /* main.m */; };
		1864BFB71E676DFB008B6493 /* AppDelegate.m in Sources */ = {isa = PBXBuildFile; fileRef = 1864BFB61E676DFB008B6493 /* AppDelegate.m */; };
		1864BFBA1E676DFB008B6493 /* ViewController.m in Sources */ = {isa = PBXBuildFile; fileRef = 1864BFB91E676DFB008B6493 /* ViewController.m */; };
		1864BFBD1E676DFB008B6493 /* Main.storyboard in Resources */ = {isa = PBXBuildFile; fileRef = 1864BFBB1E676DFB008B6493 /* Main.storyboard */; };
		1864BFC01E676DFB008B6493 /* GitHub_Sample2.xcdatamodeld in Sources */ = {isa = PBXBuildFile; fileRef = 1864BFBE1E676DFB008B6493 /* GitHub_Sample2.xcdatamodeld */; };
		1864BFC21E676DFB008B6493 /* Assets.xcassets in Resources */ = {isa = PBXBuildFile; fileRef = 1864BFC11E676DFB008B6493 /* Assets.xcassets */; };
		1864BFC51E676DFB008B6493 /* LaunchScreen.storyboard in Resources */ = {isa = PBXBuildFile; fileRef = 1864BFC31E676DFB008B6493 /* LaunchScreen.storyboard */; };
		1864BFD01E676DFB008B6493 /* GitHub_Sample2Tests.m in Sources */ = {isa = PBXBuildFile; fileRef = 1864BFCF1E676DFB008B6493 /* GitHub_Sample2Tests.m */; };
		1864BFDB1E676DFB008B6493 /* GitHub_Sample2UITests.m in Sources */ = {isa = PBXBuildFile; fileRef = 1864BFDA1E676DFB008B6493 /* GitHub_Sample2UITests.m */; };
/* End PBXBuildFile section */

/* Begin PBXContainerItemProxy section */
		1864BFCC1E676DFB008B6493 /* PBXContainerItemProxy */ = {
			isa = PBXContainerItemProxy;
			containerPortal = 1864BFA71E676DFA008B6493 /* Project object */;
			proxyType = 1;
			remoteGlobalIDString = 1864BFAE1E676DFA008B6493;
			remoteInfo = "GitHub Sample2";
		};
		1864BFD71E676DFB008B6493 /* PBXContainerItemProxy */ = {
			isa = PBXContainerItemProxy;
			containerPortal = 1864BFA71E676DFA008B6493 /* Project object */;
			proxyType = 1;
			remoteGlobalIDString = 1864BFAE1E676DFA008B6493;
			remoteInfo = "GitHub Sample2";
		};
/* End PBXContainerItemProxy section */

/* Begin PBXFileReference section */
		1864BFAF1E676DFA008B6493 /* GitHub Sample2.app */ = {isa = PBXFileReference; explicitFileType = wrapper.application; includeInIndex = 0; path = "GitHub Sample2.app"; sourceTree = BUILT_PRODUCTS_DIR; };
		1864BFB31E676DFB008B6493 /* main.m */ = {isa = PBXFileReference; lastKnownFileType = sourcecode.c.objc; path = main.m; sourceTree = "<group>"; };
		1864BFB51E676DFB008B6493 /* AppDelegate.h */ = {isa = PBXFileReference; lastKnownFileType = sourcecode.c.h; path = AppDelegate.h; sourceTree = "<group>"; };
		1864BFB61E676DFB008B6493 /* AppDelegate.m */ = {isa = PBXFileReference; lastKnownFileType = sourcecode.c.objc; path = AppDelegate.m; sourceTree = "<group>"; };
		1864BFB81E676DFB008B6493 /* ViewController.h */ = {isa = PBXFileReference; lastKnownFileType = sourcecode.c.h; path = ViewController.h; sourceTree = "<group>"; };
		1864BFB91E676DFB008B6493 /* ViewController.m */ = {isa = PBXFileReference; lastKnownFileType = sourcecode.c.objc; path = ViewController.m; sourceTree = "<group>"; };
		1864BFBC1E676DFB008B6493 /* Base */ = {isa = PBXFileReference; lastKnownFileType = file.storyboard; name = Base; path = Base.lproj/Main.storyboard; sourceTree = "<group>"; };
		1864BFBF1E676DFB008B6493 /* GitHub_Sample2.xcdatamodel */ = {isa = PBXFileReference; lastKnownFileType = wrapper.xcdatamodel; path = GitHub_Sample2.xcdatamodel; sourceTree = "<group>"; };
		1864BFC11E676DFB008B6493 /* Assets.xcassets */ = {isa = PBXFileReference; lastKnownFileType = folder.assetcatalog; path = Assets.xcassets; sourceTree = "<group>"; };
		1864BFC41E676DFB008B6493 /* Base */ = {isa = PBXFileReference; lastKnownFileType = file.storyboard; name = Base; path = Base.lproj/LaunchScreen.storyboard; sourceTree = "<group>"; };
		1864BFC61E676DFB008B6493 /* Info.plist */ = {isa = PBXFileReference; lastKnownFileType = text.plist.xml; path = Info.plist; sourceTree = "<group>"; };
		1864BFCB1E676DFB008B6493 /* GitHub Sample2Tests.xctest */ = {isa = PBXFileReference; explicitFileType = wrapper.cfbundle; includeInIndex = 0; path = "GitHub Sample2Tests.xctest"; sourceTree = BUILT_PRODUCTS_DIR; };
		1864BFCF1E676DFB008B6493 /* GitHub_Sample2Tests.m */ = {isa = PBXFileReference; lastKnownFileType = sourcecode.c.objc; path = GitHub_Sample2Tests.m; sourceTree = "<group>"; };
		1864BFD11E676DFB008B6493 /* Info.plist */ = {isa = PBXFileReference; lastKnownFileType = text.plist.xml; path = Info.plist; sourceTree = "<group>"; };
		1864BFD61E676DFB008B6493 /* GitHub Sample2UITests.xctest */ = {isa = PBXFileReference; explicitFileType = wrapper.cfbundle; includeInIndex = 0; path = "GitHub Sample2UITests.xctest"; sourceTree = BUILT_PRODUCTS_DIR; };
		1864BFDA1E676DFB008B6493 /* GitHub_Sample2UITests.m */ = {isa = PBXFileReference; lastKnownFileType = sourcecode.c.objc; path = GitHub_Sample2UITests.m; sourceTree = "<group>"; };
		1864BFDC1E676DFB008B6493 /* Info.plist */ = {isa = PBXFileReference; lastKnownFileType = text.plist.xml; path = Info.plist; sourceTree = "<group>"; };
/* End PBXFileReference section */

/* Begin PBXFrameworksBuildPhase section */
		1864BFAC1E676DFA008B6493 /* Frameworks */ = {
			isa = PBXFrameworksBuildPhase;
			buildActionMask = 2147483647;
			files = (
			);
			runOnlyForDeploymentPostprocessing = 0;
		};
		1864BFC81E676DFB008B6493 /* Frameworks */ = {
			isa = PBXFrameworksBuildPhase;
			buildActionMask = 2147483647;
			files = (
			);
			runOnlyForDeploymentPostprocessing = 0;
		};
		1864BFD31E676DFB008B6493 /* Frameworks */ = {
			isa = PBXFrameworksBuildPhase;
			buildActionMask = 2147483647;
			files = (
			);
			runOnlyForDeploymentPostprocessing = 0;
		};
/* End PBXFrameworksBuildPhase section */

/* Begin PBXGroup section */
		1864BFA61E676DFA008B6493 = {
			isa = PBXGroup;
			children = (
				1864BFB11E676DFB008B6493 /* GitHub Sample2 */,
				1864BFCE1E676DFB008B6493 /* GitHub Sample2Tests */,
				1864BFD91E676DFB008B6493 /* GitHub Sample2UITests */,
				1864BFB01E676DFA008B6493 /* Products */,
			);
			sourceTree = "<group>";
		};
		1864BFB01E676DFA008B6493 /* Products */ = {
			isa = PBXGroup;
			children = (
				1864BFAF1E676DFA008B6493 /* GitHub Sample2.app */,
				1864BFCB1E676DFB008B6493 /* GitHub Sample2Tests.xctest */,
				1864BFD61E676DFB008B6493 /* GitHub Sample2UITests.xctest */,
			);
			name = Products;
			sourceTree = "<group>";
		};
		1864BFB11E676DFB008B6493 /* GitHub Sample2 */ = {
			isa = PBXGroup;
			children = (
				1864BFB51E676DFB008B6493 /* AppDelegate.h */,
				1864BFB61E676DFB008B6493 /* AppDelegate.m */,
				1864BFB81E676DFB008B6493 /* ViewController.h */,
				1864BFB91E676DFB008B6493 /* ViewController.m */,
				1864BFBB1E676DFB008B6493 /* Main.storyboard */,
				1864BFC11E676DFB008B6493 /* Assets.xcassets */,
				1864BFC31E676DFB008B6493 /* LaunchScreen.storyboard */,
				1864BFC61E676DFB008B6493 /* Info.plist */,
				1864BFBE1E676DFB008B6493 /* GitHub_Sample2.xcdatamodeld */,
				1864BFB21E676DFB008B6493 /* Supporting Files */,
			);
			path = "GitHub Sample2";
			sourceTree = "<group>";
		};
		1864BFB21E676DFB008B6493 /* Supporting Files */ = {
			isa = PBXGroup;
			children = (
				1864BFB31E676DFB008B6493 /* main.m */,
			);
			name = "Supporting Files";
			sourceTree = "<group>";
		};
		1864BFCE1E676DFB008B6493 /* GitHub Sample2Tests */ = {
			isa = PBXGroup;
			children = (
				1864BFCF1E676DFB008B6493 /* GitHub_Sample2Tests.m */,
				1864BFD11E676DFB008B6493 /* Info.plist */,
			);
			path = "GitHub Sample2Tests";
			sourceTree = "<group>";
		};
		1864BFD91E676DFB008B6493 /* GitHub Sample2UITests */ = {
			isa = PBXGroup;
			children = (
				1864BFDA1E676DFB008B6493 /* GitHub_Sample2UITests.m */,
				1864BFDC1E676DFB008B6493 /* Info.plist */,
			);
			path = "GitHub Sample2UITests";
			sourceTree = "<group>";
		};
/* End PBXGroup section */

/* Begin PBXNativeTarget section */
		1864BFAE1E676DFA008B6493 /* GitHub Sample2 */ = {
			isa = PBXNativeTarget;
			buildConfigurationList = 1864BFDF1E676DFB008B6493 /* Build configuration list for PBXNativeTarget "GitHub Sample2" */;
			buildPhases = (
				1864BFAB1E676DFA008B6493 /* Sources */,
				1864BFAC1E676DFA008B6493 /* Frameworks */,
				1864BFAD1E676DFA008B6493 /* Resources */,
			);
			buildRules = (
			);
			dependencies = (
			);
			name = "GitHub Sample2";
			productName = "GitHub Sample2";
			productReference = 1864BFAF1E676DFA008B6493 /* GitHub Sample2.app */;
			productType = "com.apple.product-type.application";
		};
		1864BFCA1E676DFB008B6493 /* GitHub Sample2Tests */ = {
			isa = PBXNativeTarget;
			buildConfigurationList = 1864BFE21E676DFB008B6493 /* Build configuration list for PBXNativeTarget "GitHub Sample2Tests" */;
			buildPhases = (
				1864BFC71E676DFB008B6493 /* Sources */,
				1864BFC81E676DFB008B6493 /* Frameworks */,
				1864BFC91E676DFB008B6493 /* Resources */,
			);
			buildRules = (
			);
			dependencies = (
				1864BFCD1E676DFB008B6493 /* PBXTargetDependency */,
			);
			name = "GitHub Sample2Tests";
			productName = "GitHub Sample2Tests";
			productReference = 1864BFCB1E676DFB008B6493 /* GitHub Sample2Tests.xctest */;
			productType = "com.apple.product-type.bundle.unit-test";
		};
		1864BFD51E676DFB008B6493 /* GitHub Sample2UITests */ = {
			isa = PBXNativeTarget;
			buildConfigurationList = 1864BFE51E676DFB008B6493 /* Build configuration list for PBXNativeTarget "GitHub Sample2UITests" */;
			buildPhases = (
				1864BFD21E676DFB008B6493 /* Sources */,
				1864BFD31E676DFB008B6493 /* Frameworks */,
				1864BFD41E676DFB008B6493 /* Resources */,
			);
			buildRules = (
			);
			dependencies = (
				1864BFD81E676DFB008B6493 /* PBXTargetDependency */,
			);
			name = "GitHub Sample2UITests";
			productName = "GitHub Sample2UITests";
			productReference = 1864BFD61E676DFB008B6493 /* GitHub Sample2UITests.xctest */;
			productType = "com.apple.product-type.bundle.ui-testing";
		};
/* End PBXNativeTarget section */

/* Begin PBXProject section */
		1864BFA71E676DFA008B6493 /* Project object */ = {
			isa = PBXProject;
			attributes = {
				LastUpgradeCheck = 0720;
				ORGANIZATIONNAME = Spandana;
				TargetAttributes = {
					1864BFAE1E676DFA008B6493 = {
						CreatedOnToolsVersion = 7.2;
					};
					1864BFCA1E676DFB008B6493 = {
						CreatedOnToolsVersion = 7.2;
						TestTargetID = 1864BFAE1E676DFA008B6493;
					};
					1864BFD51E676DFB008B6493 = {
						CreatedOnToolsVersion = 7.2;
						TestTargetID = 1864BFAE1E676DFA008B6493;
					};
				};
			};
			buildConfigurationList = 1864BFAA1E676DFA008B6493 /* Build configuration list for PBXProject "GitHub Sample2" */;
			compatibilityVersion = "Xcode 3.2";
			developmentRegion = English;
			hasScannedForEncodings = 0;
			knownRegions = (
				en,
				Base,
			);
			mainGroup = 1864BFA61E676DFA008B6493;
			productRefGroup = 1864BFB01E676DFA008B6493 /* Products */;
			projectDirPath = "";
			projectRoot = "";
			targets = (
				1864BFAE1E676DFA008B6493 /* GitHub Sample2 */,
				1864BFCA1E676DFB008B6493 /* GitHub Sample2Tests */,
				1864BFD51E676DFB008B6493 /* GitHub Sample2UITests */,
			);
		};
/* End PBXProject section */

/* Begin PBXResourcesBuildPhase section */
		1864BFAD1E676DFA008B6493 /* Resources */ = {
			isa = PBXResourcesBuildPhase;
			buildActionMask = 2147483647;
			files = (
				1864BFC51E676DFB008B6493 /* LaunchScreen.storyboard in Resources */,
				1864BFC21E676DFB008B6493 /* Assets.xcassets in Resources */,
				1864BFBD1E676DFB008B6493 /* Main.storyboard in Resources */,
			);
			runOnlyForDeploymentPostprocessing = 0;
		};
		1864BFC91E676DFB008B6493 /* Resources */ = {
			isa = PBXResourcesBuildPhase;
			buildActionMask = 2147483647;
			files = (
			);
			runOnlyForDeploymentPostprocessing = 0;
		};
		1864BFD41E676DFB008B6493 /* Resources */ = {
			isa = PBXResourcesBuildPhase;
			buildActionMask = 2147483647;
			files = (
			);
			runOnlyForDeploymentPostprocessing = 0;
		};
/* End PBXResourcesBuildPhase section */

/* Begin PBXSourcesBuildPhase section */
		1864BFAB1E676DFA008B6493 /* Sources */ = {
			isa = PBXSourcesBuildPhase;
			buildActionMask = 2147483647;
			files = (
				1864BFBA1E676DFB008B6493 /* ViewController.m in Sources */,
				1864BFC01E676DFB008B6493 /* GitHub_Sample2.xcdatamodeld in Sources */,
				1864BFB71E676DFB008B6493 /* AppDelegate.m in Sources */,
				1864BFB41E676DFB008B6493 /* main.m in Sources */,
			);
			runOnlyForDeploymentPostprocessing = 0;
		};
		1864BFC71E676DFB008B6493 /* Sources */ = {
			isa = PBXSourcesBuildPhase;
			buildActionMask = 2147483647;
			files = (
				1864BFD01E676DFB008B6493 /* GitHub_Sample2Tests.m in Sources */,
			);
			runOnlyForDeploymentPostprocessing = 0;
		};
		1864BFD21E676DFB008B6493 /* Sources */ = {
			isa = PBXSourcesBuildPhase;
			buildActionMask = 2147483647;
			files = (
				1864BFDB1E676DFB008B6493 /* GitHub_Sample2UITests.m in Sources */,
			);
			runOnlyForDeploymentPostprocessing = 0;
		};
/* End PBXSourcesBuildPhase section */

/* Begin PBXTargetDependency section */
		1864BFCD1E676DFB008B6493 /* PBXTargetDependency */ = {
			isa = PBXTargetDependency;
			target = 1864BFAE1E676DFA008B6493 /* GitHub Sample2 */;
			targetProxy = 1864BFCC1E676DFB008B6493 /* PBXContainerItemProxy */;
		};
		1864BFD81E676DFB008B6493 /* PBXTargetDependency */ = {
			isa = PBXTargetDependency;
			target = 1864BFAE1E676DFA008B6493 /* GitHub Sample2 */;
			targetProxy = 1864BFD71E676DFB008B6493 /* PBXContainerItemProxy */;
		};
/* End PBXTargetDependency section */

/* Begin PBXVariantGroup section */
		1864BFBB1E676DFB008B6493 /* Main.storyboard */ = {
			isa = PBXVariantGroup;
			children = (
				1864BFBC1E676DFB008B6493 /* Base */,
			);
			name = Main.storyboard;
			sourceTree = "<group>";
		};
		1864BFC31E676DFB008B6493 /* LaunchScreen.storyboard */ = {
			isa = PBXVariantGroup;
			children = (
				1864BFC41E676DFB008B6493 /* Base */,
			);
			name = LaunchScreen.storyboard;
			sourceTree = "<group>";
		};
/* End PBXVariantGroup section */

/* Begin XCBuildConfiguration section */
		1864BFDD1E676DFB008B6493 /* Debug */ = {
			isa = XCBuildConfiguration;
			buildSettings = {
				ALWAYS_SEARCH_USER_PATHS = NO;
				CLANG_CXX_LANGUAGE_STANDARD = "gnu++0x";
				CLANG_CXX_LIBRARY = "libc++";
				CLANG_ENABLE_MODULES = YES;
				CLANG_ENABLE_OBJC_ARC = YES;
				CLANG_WARN_BOOL_CONVERSION = YES;
				CLANG_WARN_CONSTANT_CONVERSION = YES;
				CLANG_WARN_DIRECT_OBJC_ISA_USAGE = YES_ERROR;
				CLANG_WARN_EMPTY_BODY = YES;
				CLANG_WARN_ENUM_CONVERSION = YES;
				CLANG_WARN_INT_CONVERSION = YES;
				CLANG_WARN_OBJC_ROOT_CLASS = YES_ERROR;
				CLANG_WARN_UNREACHABLE_CODE = YES;
				CLANG_WARN__DUPLICATE_METHOD_MATCH = YES;
				"CODE_SIGN_IDENTITY[sdk=iphoneos*]" = "iPhone Developer";
				COPY_PHASE_STRIP = NO;
				DEBUG_INFORMATION_FORMAT = dwarf;
				ENABLE_STRICT_OBJC_MSGSEND = YES;
				ENABLE_TESTABILITY = YES;
				GCC_C_LANGUAGE_STANDARD = gnu99;
				GCC_DYNAMIC_NO_PIC = NO;
				GCC_NO_COMMON_BLOCKS = YES;
				GCC_OPTIMIZATION_LEVEL = 0;
				GCC_PREPROCESSOR_DEFINITIONS = (
					"DEBUG=1",
					"$(inherited)",
				);
				GCC_WARN_64_TO_32_BIT_CONVERSION = YES;
				GCC_WARN_ABOUT_RETURN_TYPE = YES_ERROR;
				GCC_WARN_UNDECLARED_SELECTOR = YES;
				GCC_WARN_UNINITIALIZED_AUTOS = YES_AGGRESSIVE;
				GCC_WARN_UNUSED_FUNCTION = YES;
				GCC_WARN_UNUSED_VARIABLE = YES;
				IPHONEOS_DEPLOYMENT_TARGET = 9.2;
				MTL_ENABLE_DEBUG_INFO = YES;
				ONLY_ACTIVE_ARCH = YES;
				SDKROOT = iphoneos;
				TARGETED_DEVICE_FAMILY = "1,2";
			};
			name = Debug;
		};
		1864BFDE1E676DFB008B6493 /* Release */ = {
			isa = XCBuildConfiguration;
			buildSettings = {
				ALWAYS_SEARCH_USER_PATHS = NO;
				CLANG_CXX_LANGUAGE_STANDARD = "gnu++0x";
				CLANG_CXX_LIBRARY = "libc++";
				CLANG_ENABLE_MODULES = YES;
				CLANG_ENABLE_OBJC_ARC = YES;
				CLANG_WARN_BOOL_CONVERSION = YES;
				CLANG_WARN_CONSTANT_CONVERSION = YES;
				CLANG_WARN_DIRECT_OBJC_ISA_USAGE = YES_ERROR;
				CLANG_WARN_EMPTY_BODY = YES;
				CLANG_WARN_ENUM_CONVERSION = YES;
				CLANG_WARN_INT_CONVERSION = YES;
				CLANG_WARN_OBJC_ROOT_CLASS = YES_ERROR;
				CLANG_WARN_UNREACHABLE_CODE = YES;
				CLANG_WARN__DUPLICATE_METHOD_MATCH = YES;
				"CODE_SIGN_IDENTITY[sdk=iphoneos*]" = "iPhone Developer";
				COPY_PHASE_STRIP = NO;
				DEBUG_INFORMATION_FORMAT = "dwarf-with-dsym";
				ENABLE_NS_ASSERTIONS = NO;
				ENABLE_STRICT_OBJC_MSGSEND = YES;
				GCC_C_LANGUAGE_STANDARD = gnu99;
				GCC_NO_COMMON_BLOCKS = YES;
				GCC_WARN_64_TO_32_BIT_CONVERSION = YES;
				GCC_WARN_ABOUT_RETURN_TYPE = YES_ERROR;
				GCC_WARN_UNDECLARED_SELECTOR = YES;
				GCC_WARN_UNINITIALIZED_AUTOS = YES_AGGRESSIVE;
				GCC_WARN_UNUSED_FUNCTION = YES;
				GCC_WARN_UNUSED_VARIABLE = YES;
				IPHONEOS_DEPLOYMENT_TARGET = 9.2;
				MTL_ENABLE_DEBUG_INFO = NO;
				SDKROOT = iphoneos;
				TARGETED_DEVICE_FAMILY = "1,2";
				VALIDATE_PRODUCT = YES;
			};
			name = Release;
		};
		1864BFE01E676DFB008B6493 /* Debug */ = {
			isa = XCBuildConfiguration;
			buildSettings = {
				ASSETCATALOG_COMPILER_APPICON_NAME = AppIcon;
				INFOPLIST_FILE = "GitHub Sample2/Info.plist";
				LD_RUNPATH_SEARCH_PATHS = "$(inherited) @executable_path/Frameworks";
				PRODUCT_BUNDLE_IDENTIFIER = "grape.GitHub-Sample2";
				PRODUCT_NAME = "$(TARGET_NAME)";
			};
			name = Debug;
		};
		1864BFE11E676DFB008B6493 /* Release */ = {
			isa = XCBuildConfiguration;
			buildSettings = {
				ASSETCATALOG_COMPILER_APPICON_NAME = AppIcon;
				INFOPLIST_FILE = "GitHub Sample2/Info.plist";
				LD_RUNPATH_SEARCH_PATHS = "$(inherited) @executable_path/Frameworks";
				PRODUCT_BUNDLE_IDENTIFIER = "grape.GitHub-Sample2";
				PRODUCT_NAME = "$(TARGET_NAME)";
			};
			name = Release;
		};
		1864BFE31E676DFB008B6493 /* Debug */ = {
			isa = XCBuildConfiguration;
			buildSettings = {
				BUNDLE_LOADER = "$(TEST_HOST)";
				INFOPLIST_FILE = "GitHub Sample2Tests/Info.plist";
				LD_RUNPATH_SEARCH_PATHS = "$(inherited) @executable_path/Frameworks @loader_path/Frameworks";
				PRODUCT_BUNDLE_IDENTIFIER = "grape.GitHub-Sample2Tests";
				PRODUCT_NAME = "$(TARGET_NAME)";
				TEST_HOST = "$(BUILT_PRODUCTS_DIR)/GitHub Sample2.app/GitHub Sample2";
			};
			name = Debug;
		};
		1864BFE41E676DFB008B6493 /* Release */ = {
			isa = XCBuildConfiguration;
			buildSettings = {
				BUNDLE_LOADER = "$(TEST_HOST)";
				INFOPLIST_FILE = "GitHub Sample2Tests/Info.plist";
				LD_RUNPATH_SEARCH_PATHS = "$(inherited) @executable_path/Frameworks @loader_path/Frameworks";
				PRODUCT_BUNDLE_IDENTIFIER = "grape.GitHub-Sample2Tests";
				PRODUCT_NAME = "$(TARGET_NAME)";
				TEST_HOST = "$(BUILT_PRODUCTS_DIR)/GitHub Sample2.app/GitHub Sample2";
			};
			name = Release;
		};
		1864BFE61E676DFB008B6493 /* Debug */ = {
			isa = XCBuildConfiguration;
			buildSettings = {
				INFOPLIST_FILE = "GitHub Sample2UITests/Info.plist";
				LD_RUNPATH_SEARCH_PATHS = "$(inherited) @executable_path/Frameworks @loader_path/Frameworks";
				PRODUCT_BUNDLE_IDENTIFIER = "grape.GitHub-Sample2UITests";
				PRODUCT_NAME = "$(TARGET_NAME)";
				TEST_TARGET_NAME = "GitHub Sample2";
				USES_XCTRUNNER = YES;
			};
			name = Debug;
		};
		1864BFE71E676DFB008B6493 /* Release */ = {
			isa = XCBuildConfiguration;
			buildSettings = {
				INFOPLIST_FILE = "GitHub Sample2UITests/Info.plist";
				LD_RUNPATH_SEARCH_PATHS = "$(inherited) @executable_path/Frameworks @loader_path/Frameworks";
				PRODUCT_BUNDLE_IDENTIFIER = "grape.GitHub-Sample2UITests";
				PRODUCT_NAME = "$(TARGET_NAME)";
				TEST_TARGET_NAME = "GitHub Sample2";
				USES_XCTRUNNER = YES;
			};
			name = Release;
		};
/* End XCBuildConfiguration section */

/* Begin XCConfigurationList section */
		1864BFAA1E676DFA008B6493 /* Build configuration list for PBXProject "GitHub Sample2" */ = {
			isa = XCConfigurationList;
			buildConfigurations = (
				1864BFDD1E676DFB008B6493 /* Debug */,
				1864BFDE1E676DFB008B6493 /* Release */,
			);
			defaultConfigurationIsVisible = 0;
			defaultConfigurationName = Release;
		};
		1864BFDF1E676DFB008B6493 /* Build configuration list for PBXNativeTarget "GitHub Sample2" */ = {
			isa = XCConfigurationList;
			buildConfigurations = (
				1864BFE01E676DFB008B6493 /* Debug */,
				1864BFE11E676DFB008B6493 /* Release */,
			);
			defaultConfigurationIsVisible = 0;
		};
		1864BFE21E676DFB008B6493 /* Build configuration list for PBXNativeTarget "GitHub Sample2Tests" */ = {
			isa = XCConfigurationList;
			buildConfigurations = (
				1864BFE31E676DFB008B6493 /* Debug */,
				1864BFE41E676DFB008B6493 /* Release */,
			);
			defaultConfigurationIsVisible = 0;
		};
		1864BFE51E676DFB008B6493 /* Build configuration list for PBXNativeTarget "GitHub Sample2UITests" */ = {
			isa = XCConfigurationList;
			buildConfigurations = (
				1864BFE61E676DFB008B6493 /* Debug */,
				1864BFE71E676DFB008B6493 /* Release */,
			);
			defaultConfigurationIsVisible = 0;
		};
/* End XCConfigurationList section */

/* Begin XCVersionGroup section */
		1864BFBE1E676DFB008B6493 /* GitHub_Sample2.xcdatamodeld */ = {
			isa = XCVersionGroup;
			children = (
				1864BFBF1E676DFB008B6493 /* GitHub_Sample2.xcdatamodel */,
			);
			currentVersion = 1864BFBF1E676DFB008B6493 /* GitHub_Sample2.xcdatamodel */;
			path = GitHub_Sample2.xcdatamodeld;
			sourceTree = "<group>";
			versionGroupType = wrapper.xcdatamodel;
		};
/* End XCVersionGroup section */
	};
	rootObject = 1864BFA71E676DFA008B6493 /* Project object */;
}
